
Microsoft Visual Studio Solution File, Format Version 12.00
# Visual Studio 15
VisualStudioVersion = 15.0.28307.489
MinimumVisualStudioVersion = 10.0.40219.1
Project("{FAE04EC0-301F-11D3-BF4B-00C04F79EFBC}") = "SimpleNN", "SimpleNN\SimpleNN.csproj", "{26ED7307-25A5-4F8B-92EE-F9D3FAF928AB}"
EndProject
Global
	GlobalSection(SolutionConfigurationPlatforms) = preSolution
		Debug|Any CPU = Debug|Any CPU
		Release|Any CPU = Release|Any CPU
	EndGlobalSection
	GlobalSection(ProjectConfigurationPlatforms) = postSolution
		{26ED7307-25A5-4F8B-92EE-F9D3FAF928AB}.Debug|Any CPU.ActiveCfg = Debug|Any CPU
		{26ED7307-25A5-4F8B-92EE-F9D3FAF928AB}.Debug|Any CPU.Build.0 = Debug|Any CPU
		{26ED7307-25A5-4F8B-92EE-F9D3FAF928AB}.Release|Any CPU.ActiveCfg = Release|Any CPU
		{26ED7307-25A5-4F8B-92EE-F9D3FAF928AB}.Release|Any CPU.Build.0 = Release|Any CPU
	EndGlobalSection
	GlobalSection(SolutionProperties) = preSolution
		HideSolutionNode = FALSE
	EndGlobalSection
	GlobalSection(ExtensibilityGlobals) = postSolution
		SolutionGuid = {A4C534EB-6B81-45F5-8A79-28C65D5C57A0}
	EndGlobalSection
EndGlobal
