
Microsoft Visual Studio Solution File, Format Version 12.00
# Visual Studio Version 16
VisualStudioVersion = 16.0.28803.156
MinimumVisualStudioVersion = 10.0.40219.1
Project("{FAE04EC0-301F-11D3-BF4B-00C04F79EFBC}") = "TitanicSurvival", "TitanicSurvival\TitanicSurvival.csproj", "{742D8140-BCB7-4A63-A017-C9A78D978930}"
EndProject
Project("{9A19103F-16F7-4668-BE54-9A1E7A4F7556}") = "NeuroSimple", "Post6\NeuroSimple\NeuroSimple\NeuroSimple.csproj", "{810D2152-D84C-4CE9-BA18-436BCE8CDAFD}"
EndProject
Project("{FAE04EC0-301F-11D3-BF4B-00C04F79EFBC}") = "BostonHousing", "BostonHousing\BostonHousing.csproj", "{B3F96986-FFD9-4B7A-B205-4C65A8421A5A}"
EndProject
Global
	GlobalSection(SolutionConfigurationPlatforms) = preSolution
		Debug|Any CPU = Debug|Any CPU
		Release|Any CPU = Release|Any CPU
	EndGlobalSection
	GlobalSection(ProjectConfigurationPlatforms) = postSolution
		{742D8140-BCB7-4A63-A017-C9A78D978930}.Debug|Any CPU.ActiveCfg = Debug|Any CPU
		{742D8140-BCB7-4A63-A017-C9A78D978930}.Debug|Any CPU.Build.0 = Debug|Any CPU
		{742D8140-BCB7-4A63-A017-C9A78D978930}.Release|Any CPU.ActiveCfg = Release|Any CPU
		{742D8140-BCB7-4A63-A017-C9A78D978930}.Release|Any CPU.Build.0 = Release|Any CPU
		{810D2152-D84C-4CE9-BA18-436BCE8CDAFD}.Debug|Any CPU.ActiveCfg = Debug|Any CPU
		{810D2152-D84C-4CE9-BA18-436BCE8CDAFD}.Debug|Any CPU.Build.0 = Debug|Any CPU
		{810D2152-D84C-4CE9-BA18-436BCE8CDAFD}.Release|Any CPU.ActiveCfg = Release|Any CPU
		{810D2152-D84C-4CE9-BA18-436BCE8CDAFD}.Release|Any CPU.Build.0 = Release|Any CPU
		{B3F96986-FFD9-4B7A-B205-4C65A8421A5A}.Debug|Any CPU.ActiveCfg = Debug|Any CPU
		{B3F96986-FFD9-4B7A-B205-4C65A8421A5A}.Debug|Any CPU.Build.0 = Debug|Any CPU
		{B3F96986-FFD9-4B7A-B205-4C65A8421A5A}.Release|Any CPU.ActiveCfg = Release|Any CPU
		{B3F96986-FFD9-4B7A-B205-4C65A8421A5A}.Release|Any CPU.Build.0 = Release|Any CPU
	EndGlobalSection
	GlobalSection(SolutionProperties) = preSolution
		HideSolutionNode = FALSE
	EndGlobalSection
	GlobalSection(ExtensibilityGlobals) = postSolution
		SolutionGuid = {9686A9C9-3411-4B6A-A7B4-439F6922B8E5}
	EndGlobalSection
EndGlobal
